// !$*UTF8*$!
{
	archiveVersion = 1;
	classes = {
	};
	objectVersion = 50;
	objects = {

/* Begin PBXBuildFile section */
		D65C550E27936FA400A7AAC0 /* auxl_extern_test.cpp in Sources */ = {isa = PBXBuildFile; fileRef = D65C550B27936E7C00A7AAC0 /* auxl_extern_test.cpp */; };
		D68536182788818F00408F38 /* connection_opts_test.json in CopyFiles */ = {isa = PBXBuildFile; fileRef = D68536172788818400408F38 /* connection_opts_test.json */; };
		D6853619278882F100408F38 /* connection_opts_test.json in CopyFiles */ = {isa = PBXBuildFile; fileRef = D68536172788818400408F38 /* connection_opts_test.json */; };
		D6F88F7027788ADC00D9DDCE /* tool.cpp in Sources */ = {isa = PBXBuildFile; fileRef = D6F88F6627788ADC00D9DDCE /* tool.cpp */; };
		D6F88F7127788ADC00D9DDCE /* auxl_grpc_cli.cpp in Sources */ = {isa = PBXBuildFile; fileRef = D6F88F6A27788ADC00D9DDCE /* auxl_grpc_cli.cpp */; };
		D6F88F7227788ADC00D9DDCE /* connection.cpp in Sources */ = {isa = PBXBuildFile; fileRef = D6F88F6C27788ADC00D9DDCE /* connection.cpp */; };
		D6F88F7327788ADC00D9DDCE /* parser.cpp in Sources */ = {isa = PBXBuildFile; fileRef = D6F88F6D27788ADC00D9DDCE /* parser.cpp */; };
		D6F88F83277B0FA700D9DDCE /* tool.cpp in Sources */ = {isa = PBXBuildFile; fileRef = D6F88F6627788ADC00D9DDCE /* tool.cpp */; };
		D6F88F84277B0FA700D9DDCE /* connection.cpp in Sources */ = {isa = PBXBuildFile; fileRef = D6F88F6C27788ADC00D9DDCE /* connection.cpp */; };
		D6F88F87277B0FA700D9DDCE /* auxl_main_test.cpp in Sources */ = {isa = PBXBuildFile; fileRef = D6F88F7D277B0F7300D9DDCE /* auxl_main_test.cpp */; };
		D6F88F88277B0FA700D9DDCE /* parser.cpp in Sources */ = {isa = PBXBuildFile; fileRef = D6F88F6D27788ADC00D9DDCE /* parser.cpp */; };
		D6F88F91277B104700D9DDCE /* gtest_main.cc in Sources */ = {isa = PBXBuildFile; fileRef = D6F88F90277B104700D9DDCE /* gtest_main.cc */; };
		D6F88FA5277B136700D9DDCE /* gtest-all.cc in Sources */ = {isa = PBXBuildFile; fileRef = D6F88FA4277B136700D9DDCE /* gtest-all.cc */; };
		D6F88FA8277B59F400D9DDCE /* session.cpp in Sources */ = {isa = PBXBuildFile; fileRef = D6F88FA6277B59F400D9DDCE /* session.cpp */; };
		D6F88FAC277BA5EA00D9DDCE /* session.cpp in Sources */ = {isa = PBXBuildFile; fileRef = D6F88FA6277B59F400D9DDCE /* session.cpp */; };
		D6F88FAF277EEBE800D9DDCE /* descriptor.cpp in Sources */ = {isa = PBXBuildFile; fileRef = D6F88FAD277EEBE800D9DDCE /* descriptor.cpp */; };
		D6F88FB0277F13C900D9DDCE /* descriptor.cpp in Sources */ = {isa = PBXBuildFile; fileRef = D6F88FAD277EEBE800D9DDCE /* descriptor.cpp */; };
		D6F88FB82780FBA600D9DDCE /* greet.proto in CopyFiles */ = {isa = PBXBuildFile; fileRef = D6F88FB72780FB9D00D9DDCE /* greet.proto */; };
		D6F88FBA2781AD6A00D9DDCE /* cli_call.cc in Sources */ = {isa = PBXBuildFile; fileRef = D6F88FB92781AD6A00D9DDCE /* cli_call.cc */; };
		D6F88FBB2781AD6A00D9DDCE /* cli_call.cc in Sources */ = {isa = PBXBuildFile; fileRef = D6F88FB92781AD6A00D9DDCE /* cli_call.cc */; };
		D6F88FC22781BB5D00D9DDCE /* error_collector.c in Sources */ = {isa = PBXBuildFile; fileRef = D6F88FC12781BB5D00D9DDCE /* error_collector.c */; };
		D6F88FC32781BB5D00D9DDCE /* error_collector.c in Sources */ = {isa = PBXBuildFile; fileRef = D6F88FC12781BB5D00D9DDCE /* error_collector.c */; };
		D6F88FCA2783062C00D9DDCE /* auxl_client_test.cpp in Sources */ = {isa = PBXBuildFile; fileRef = D6F88FC82783062C00D9DDCE /* auxl_client_test.cpp */; };
		D6F88FCF27832AB300D9DDCE /* util.cpp in Sources */ = {isa = PBXBuildFile; fileRef = D6F88F6527788ADC00D9DDCE /* util.cpp */; };
		D6F88FD027832AB400D9DDCE /* util.cpp in Sources */ = {isa = PBXBuildFile; fileRef = D6F88F6527788ADC00D9DDCE /* util.cpp */; };
		D6F88FD22784402E00D9DDCE /* connection_config.json in CopyFiles */ = {isa = PBXBuildFile; fileRef = D6F88FD127843E2700D9DDCE /* connection_config.json */; };
		D6F88FD527844B8400D9DDCE /* options.c in Sources */ = {isa = PBXBuildFile; fileRef = D6F88FD427844B8400D9DDCE /* options.c */; };
		D6F88FD627844B8400D9DDCE /* options.c in Sources */ = {isa = PBXBuildFile; fileRef = D6F88FD427844B8400D9DDCE /* options.c */; };
		D6F88FDB2784DC4A00D9DDCE /* proto_reflection_descriptor_database.cc in Sources */ = {isa = PBXBuildFile; fileRef = D6F88FD92784DC4A00D9DDCE /* proto_reflection_descriptor_database.cc */; };
		D6F88FDC2784DC4A00D9DDCE /* proto_reflection_descriptor_database.cc in Sources */ = {isa = PBXBuildFile; fileRef = D6F88FD92784DC4A00D9DDCE /* proto_reflection_descriptor_database.cc */; };
		D6F88FE62785EB0C00D9DDCE /* descriptor_local.json in CopyFiles */ = {isa = PBXBuildFile; fileRef = D6F88FD727848C3800D9DDCE /* descriptor_local.json */; };
		D6F88FEF2786DCD300D9DDCE /* hello_request_message_1.json in CopyFiles */ = {isa = PBXBuildFile; fileRef = D6F88FE92785F47B00D9DDCE /* hello_request_message_1.json */; };
		D6F88FF02786DCD300D9DDCE /* hello_request_message_2.json in CopyFiles */ = {isa = PBXBuildFile; fileRef = D6F88FE82785F47B00D9DDCE /* hello_request_message_2.json */; };
		D6F88FF12786DD3000D9DDCE /* hello_request_message_1.json in CopyFiles */ = {isa = PBXBuildFile; fileRef = D6F88FE92785F47B00D9DDCE /* hello_request_message_1.json */; };
		D6F88FF22786DD3000D9DDCE /* hello_request_message_2.json in CopyFiles */ = {isa = PBXBuildFile; fileRef = D6F88FE82785F47B00D9DDCE /* hello_request_message_2.json */; };
		D6F88FF32786DD3000D9DDCE /* descriptor_local.json in CopyFiles */ = {isa = PBXBuildFile; fileRef = D6F88FD727848C3800D9DDCE /* descriptor_local.json */; };
		D6F88FF42786DD3000D9DDCE /* greet.proto in CopyFiles */ = {isa = PBXBuildFile; fileRef = D6F88FB72780FB9D00D9DDCE /* greet.proto */; };
		D6F88FF52786DD3000D9DDCE /* connection_config.json in CopyFiles */ = {isa = PBXBuildFile; fileRef = D6F88FD127843E2700D9DDCE /* connection_config.json */; };
		D6F88FF82786F33600D9DDCE /* cli_util.cpp in Sources */ = {isa = PBXBuildFile; fileRef = D6F88FF62786F33600D9DDCE /* cli_util.cpp */; };
		D6F88FF92786F33600D9DDCE /* cli_util.cpp in Sources */ = {isa = PBXBuildFile; fileRef = D6F88FF62786F33600D9DDCE /* cli_util.cpp */; };
/* End PBXBuildFile section */

/* Begin PBXCopyFilesBuildPhase section */
		D6F88F5627788A4300D9DDCE /* CopyFiles */ = {
			isa = PBXCopyFilesBuildPhase;
			buildActionMask = 12;
			dstPath = test_resources;
			dstSubfolderSpec = 16;
			files = (
				D68536182788818F00408F38 /* connection_opts_test.json in CopyFiles */,
				D6F88FF12786DD3000D9DDCE /* hello_request_message_1.json in CopyFiles */,
				D6F88FF22786DD3000D9DDCE /* hello_request_message_2.json in CopyFiles */,
				D6F88FF32786DD3000D9DDCE /* descriptor_local.json in CopyFiles */,
				D6F88FF42786DD3000D9DDCE /* greet.proto in CopyFiles */,
				D6F88FF52786DD3000D9DDCE /* connection_config.json in CopyFiles */,
			);
			runOnlyForDeploymentPostprocessing = 0;
		};
		D6F88F8B277B0FA700D9DDCE /* CopyFiles */ = {
			isa = PBXCopyFilesBuildPhase;
			buildActionMask = 12;
			dstPath = test_resources;
			dstSubfolderSpec = 16;
			files = (
				D6853619278882F100408F38 /* connection_opts_test.json in CopyFiles */,
				D6F88FEF2786DCD300D9DDCE /* hello_request_message_1.json in CopyFiles */,
				D6F88FF02786DCD300D9DDCE /* hello_request_message_2.json in CopyFiles */,
				D6F88FE62785EB0C00D9DDCE /* descriptor_local.json in CopyFiles */,
				D6F88FD22784402E00D9DDCE /* connection_config.json in CopyFiles */,
				D6F88FB82780FBA600D9DDCE /* greet.proto in CopyFiles */,
			);
			runOnlyForDeploymentPostprocessing = 0;
		};
/* End PBXCopyFilesBuildPhase section */

/* Begin PBXFileReference section */
		D65C5502279309DD00A7AAC0 /* tool.h */ = {isa = PBXFileReference; lastKnownFileType = sourcecode.c.h; path = tool.h; sourceTree = "<group>"; };
		D65C55052793471700A7AAC0 /* extern_session_delegate.hpp */ = {isa = PBXFileReference; lastKnownFileType = sourcecode.cpp.h; path = extern_session_delegate.hpp; sourceTree = "<group>"; };
		D65C550B27936E7C00A7AAC0 /* auxl_extern_test.cpp */ = {isa = PBXFileReference; lastKnownFileType = sourcecode.cpp.cpp; path = auxl_extern_test.cpp; sourceTree = "<group>"; };
		D68536172788818400408F38 /* connection_opts_test.json */ = {isa = PBXFileReference; lastKnownFileType = text.json; path = connection_opts_test.json; sourceTree = "<group>"; };
		D685361B2789BEC800408F38 /* test_session_delegate.hpp */ = {isa = PBXFileReference; lastKnownFileType = sourcecode.cpp.h; path = test_session_delegate.hpp; sourceTree = "<group>"; };
		D6F88F5827788A4300D9DDCE /* auxl_grpc_cli */ = {isa = PBXFileReference; explicitFileType = "compiled.mach-o.executable"; includeInIndex = 0; path = auxl_grpc_cli; sourceTree = BUILT_PRODUCTS_DIR; };
		D6F88F6327788ADC00D9DDCE /* connection.hpp */ = {isa = PBXFileReference; fileEncoding = 4; lastKnownFileType = sourcecode.cpp.h; path = connection.hpp; sourceTree = "<group>"; };
		D6F88F6527788ADC00D9DDCE /* util.cpp */ = {isa = PBXFileReference; fileEncoding = 4; lastKnownFileType = sourcecode.cpp.cpp; path = util.cpp; sourceTree = "<group>"; };
		D6F88F6627788ADC00D9DDCE /* tool.cpp */ = {isa = PBXFileReference; fileEncoding = 4; lastKnownFileType = sourcecode.cpp.cpp; path = tool.cpp; sourceTree = "<group>"; };
		D6F88F6827788ADC00D9DDCE /* types.h */ = {isa = PBXFileReference; fileEncoding = 4; lastKnownFileType = sourcecode.c.h; path = types.h; sourceTree = "<group>"; };
		D6F88F6927788ADC00D9DDCE /* parser.hpp */ = {isa = PBXFileReference; fileEncoding = 4; lastKnownFileType = sourcecode.cpp.h; path = parser.hpp; sourceTree = "<group>"; };
		D6F88F6A27788ADC00D9DDCE /* auxl_grpc_cli.cpp */ = {isa = PBXFileReference; fileEncoding = 4; lastKnownFileType = sourcecode.cpp.cpp; path = auxl_grpc_cli.cpp; sourceTree = "<group>"; };
		D6F88F6B27788ADC00D9DDCE /* util.hpp */ = {isa = PBXFileReference; fileEncoding = 4; lastKnownFileType = sourcecode.cpp.h; path = util.hpp; sourceTree = "<group>"; };
		D6F88F6C27788ADC00D9DDCE /* connection.cpp */ = {isa = PBXFileReference; fileEncoding = 4; lastKnownFileType = sourcecode.cpp.cpp; path = connection.cpp; sourceTree = "<group>"; };
		D6F88F6D27788ADC00D9DDCE /* parser.cpp */ = {isa = PBXFileReference; fileEncoding = 4; lastKnownFileType = sourcecode.cpp.cpp; path = parser.cpp; sourceTree = "<group>"; };
		D6F88F7B277895DE00D9DDCE /* auxl_grpc_cli.entitlements */ = {isa = PBXFileReference; lastKnownFileType = text.plist.entitlements; path = auxl_grpc_cli.entitlements; sourceTree = "<group>"; };
		D6F88F7D277B0F7300D9DDCE /* auxl_main_test.cpp */ = {isa = PBXFileReference; lastKnownFileType = sourcecode.cpp.cpp; path = auxl_main_test.cpp; sourceTree = "<group>"; };
		D6F88F8F277B0FA700D9DDCE /* auxl_grpc_test */ = {isa = PBXFileReference; explicitFileType = "compiled.mach-o.executable"; includeInIndex = 0; path = auxl_grpc_test; sourceTree = BUILT_PRODUCTS_DIR; };
		D6F88F90277B104700D9DDCE /* gtest_main.cc */ = {isa = PBXFileReference; lastKnownFileType = sourcecode.cpp.cpp; name = gtest_main.cc; path = modules/grpc/third_party/googletest/googletest/src/gtest_main.cc; sourceTree = "<group>"; };
		D6F88FA4277B136700D9DDCE /* gtest-all.cc */ = {isa = PBXFileReference; lastKnownFileType = sourcecode.cpp.cpp; name = "gtest-all.cc"; path = "modules/grpc/third_party/googletest/googletest/src/gtest-all.cc"; sourceTree = "<group>"; };
		D6F88FA6277B59F400D9DDCE /* session.cpp */ = {isa = PBXFileReference; lastKnownFileType = sourcecode.cpp.cpp; path = session.cpp; sourceTree = "<group>"; };
		D6F88FA7277B59F400D9DDCE /* session.hpp */ = {isa = PBXFileReference; lastKnownFileType = sourcecode.cpp.h; path = session.hpp; sourceTree = "<group>"; };
		D6F88FAD277EEBE800D9DDCE /* descriptor.cpp */ = {isa = PBXFileReference; lastKnownFileType = sourcecode.cpp.cpp; path = descriptor.cpp; sourceTree = "<group>"; };
		D6F88FAE277EEBE800D9DDCE /* descriptor.hpp */ = {isa = PBXFileReference; lastKnownFileType = sourcecode.cpp.h; path = descriptor.hpp; sourceTree = "<group>"; };
		D6F88FB72780FB9D00D9DDCE /* greet.proto */ = {isa = PBXFileReference; lastKnownFileType = sourcecode.protobuf; path = greet.proto; sourceTree = "<group>"; };
		D6F88FB92781AD6A00D9DDCE /* cli_call.cc */ = {isa = PBXFileReference; fileEncoding = 4; lastKnownFileType = sourcecode.cpp.cpp; path = cli_call.cc; sourceTree = "<group>"; };
		D6F88FC02781BB5D00D9DDCE /* error_collector.h */ = {isa = PBXFileReference; lastKnownFileType = sourcecode.c.h; path = error_collector.h; sourceTree = "<group>"; };
		D6F88FC12781BB5D00D9DDCE /* error_collector.c */ = {isa = PBXFileReference; lastKnownFileType = sourcecode.c.c; path = error_collector.c; sourceTree = "<group>"; };
		D6F88FC82783062C00D9DDCE /* auxl_client_test.cpp */ = {isa = PBXFileReference; lastKnownFileType = sourcecode.cpp.cpp; path = auxl_client_test.cpp; sourceTree = "<group>"; };
		D6F88FCC278306C800D9DDCE /* descriptor_session_delegate.hpp */ = {isa = PBXFileReference; lastKnownFileType = sourcecode.cpp.h; path = descriptor_session_delegate.hpp; sourceTree = "<group>"; };
		D6F88FD127843E2700D9DDCE /* connection_config.json */ = {isa = PBXFileReference; lastKnownFileType = text.json; path = connection_config.json; sourceTree = "<group>"; };
		D6F88FD327844B8400D9DDCE /* options.h */ = {isa = PBXFileReference; lastKnownFileType = sourcecode.c.h; path = options.h; sourceTree = "<group>"; };
		D6F88FD427844B8400D9DDCE /* options.c */ = {isa = PBXFileReference; lastKnownFileType = sourcecode.c.c; path = options.c; sourceTree = "<group>"; };
		D6F88FD727848C3800D9DDCE /* descriptor_local.json */ = {isa = PBXFileReference; lastKnownFileType = text.json; path = descriptor_local.json; sourceTree = "<group>"; };
		D6F88FD92784DC4A00D9DDCE /* proto_reflection_descriptor_database.cc */ = {isa = PBXFileReference; fileEncoding = 4; lastKnownFileType = sourcecode.cpp.cpp; path = proto_reflection_descriptor_database.cc; sourceTree = "<group>"; };
		D6F88FDA2784DC4A00D9DDCE /* proto_reflection_descriptor_database.h */ = {isa = PBXFileReference; fileEncoding = 4; lastKnownFileType = sourcecode.c.h; path = proto_reflection_descriptor_database.h; sourceTree = "<group>"; };
		D6F88FE52784DF5800D9DDCE /* cli_call.h */ = {isa = PBXFileReference; lastKnownFileType = sourcecode.c.h; path = cli_call.h; sourceTree = "<group>"; };
		D6F88FE82785F47B00D9DDCE /* hello_request_message_2.json */ = {isa = PBXFileReference; lastKnownFileType = text.json; path = hello_request_message_2.json; sourceTree = "<group>"; };
		D6F88FE92785F47B00D9DDCE /* hello_request_message_1.json */ = {isa = PBXFileReference; lastKnownFileType = text.json; path = hello_request_message_1.json; sourceTree = "<group>"; };
		D6F88FEC2786D80000D9DDCE /* cli_session_delegate.hpp */ = {isa = PBXFileReference; lastKnownFileType = sourcecode.cpp.h; path = cli_session_delegate.hpp; sourceTree = "<group>"; };
		D6F88FF62786F33600D9DDCE /* cli_util.cpp */ = {isa = PBXFileReference; lastKnownFileType = sourcecode.cpp.cpp; path = cli_util.cpp; sourceTree = "<group>"; };
		D6F88FF72786F33600D9DDCE /* cli_util.hpp */ = {isa = PBXFileReference; lastKnownFileType = sourcecode.cpp.h; path = cli_util.hpp; sourceTree = "<group>"; };
		D6F88FFA2788346400D9DDCE /* README.md */ = {isa = PBXFileReference; lastKnownFileType = net.daringfireball.markdown; path = README.md; sourceTree = "<group>"; };
/* End PBXFileReference section */

/* Begin PBXFrameworksBuildPhase section */
		D6F88F5527788A4300D9DDCE /* Frameworks */ = {
			isa = PBXFrameworksBuildPhase;
			buildActionMask = 2147483647;
			files = (
			);
			runOnlyForDeploymentPostprocessing = 0;
		};
		D6F88F8A277B0FA700D9DDCE /* Frameworks */ = {
			isa = PBXFrameworksBuildPhase;
			buildActionMask = 2147483647;
			files = (
			);
			runOnlyForDeploymentPostprocessing = 0;
		};
/* End PBXFrameworksBuildPhase section */

/* Begin PBXGroup section */
		D65C550327932DEA00A7AAC0 /* extern */ = {
			isa = PBXGroup;
			children = (
				D6F88FD327844B8400D9DDCE /* options.h */,
				D6F88FD427844B8400D9DDCE /* options.c */,
				D6F88FC02781BB5D00D9DDCE /* error_collector.h */,
				D6F88FC12781BB5D00D9DDCE /* error_collector.c */,
				D65C5502279309DD00A7AAC0 /* tool.h */,
				D6F88F6627788ADC00D9DDCE /* tool.cpp */,
				D65C55052793471700A7AAC0 /* extern_session_delegate.hpp */,
			);
			path = extern;
			sourceTree = "<group>";
		};
		D6F88F4D277889BE00D9DDCE = {
			isa = PBXGroup;
			children = (
				D6F88FFA2788346400D9DDCE /* README.md */,
				D6F88FA4277B136700D9DDCE /* gtest-all.cc */,
				D6F88F90277B104700D9DDCE /* gtest_main.cc */,
				D6F88F7B277895DE00D9DDCE /* auxl_grpc_cli.entitlements */,
				D6F88F6227788ADC00D9DDCE /* src */,
				D6F88F7C277B02B200D9DDCE /* test */,
				D6F88F5927788A4300D9DDCE /* Products */,
			);
			sourceTree = "<group>";
		};
		D6F88F5927788A4300D9DDCE /* Products */ = {
			isa = PBXGroup;
			children = (
				D6F88F5827788A4300D9DDCE /* auxl_grpc_cli */,
				D6F88F8F277B0FA700D9DDCE /* auxl_grpc_test */,
			);
			name = Products;
			sourceTree = "<group>";
		};
		D6F88F6227788ADC00D9DDCE /* src */ = {
			isa = PBXGroup;
			children = (
				D65C550327932DEA00A7AAC0 /* extern */,
				D6F88FEA2786003500D9DDCE /* cli */,
				D6F88FD82784DC4A00D9DDCE /* vendor */,
				D6F88F6C27788ADC00D9DDCE /* connection.cpp */,
				D6F88F6327788ADC00D9DDCE /* connection.hpp */,
				D6F88F6B27788ADC00D9DDCE /* util.hpp */,
				D6F88F6527788ADC00D9DDCE /* util.cpp */,
				D6F88F6827788ADC00D9DDCE /* types.h */,
				D6F88F6927788ADC00D9DDCE /* parser.hpp */,
				D6F88F6D27788ADC00D9DDCE /* parser.cpp */,
				D6F88FA6277B59F400D9DDCE /* session.cpp */,
				D6F88FA7277B59F400D9DDCE /* session.hpp */,
				D6F88FAD277EEBE800D9DDCE /* descriptor.cpp */,
				D6F88FAE277EEBE800D9DDCE /* descriptor.hpp */,
				D6F88FCC278306C800D9DDCE /* descriptor_session_delegate.hpp */,
			);
			path = src;
			sourceTree = "<group>";
		};
		D6F88F7C277B02B200D9DDCE /* test */ = {
			isa = PBXGroup;
			children = (
				D6F88FB62780FB9D00D9DDCE /* test_resources */,
				D6F88F7D277B0F7300D9DDCE /* auxl_main_test.cpp */,
				D6F88FC82783062C00D9DDCE /* auxl_client_test.cpp */,
				D685361B2789BEC800408F38 /* test_session_delegate.hpp */,
				D65C550B27936E7C00A7AAC0 /* auxl_extern_test.cpp */,
			);
			path = test;
			sourceTree = "<group>";
		};
		D6F88FB62780FB9D00D9DDCE /* test_resources */ = {
			isa = PBXGroup;
			children = (
				D68536172788818400408F38 /* connection_opts_test.json */,
				D6F88FE92785F47B00D9DDCE /* hello_request_message_1.json */,
				D6F88FE82785F47B00D9DDCE /* hello_request_message_2.json */,
				D6F88FD727848C3800D9DDCE /* descriptor_local.json */,
				D6F88FB72780FB9D00D9DDCE /* greet.proto */,
				D6F88FD127843E2700D9DDCE /* connection_config.json */,
			);
			path = test_resources;
			sourceTree = "<group>";
		};
		D6F88FD82784DC4A00D9DDCE /* vendor */ = {
			isa = PBXGroup;
			children = (
				D6F88FE52784DF5800D9DDCE /* cli_call.h */,
				D6F88FB92781AD6A00D9DDCE /* cli_call.cc */,
				D6F88FD92784DC4A00D9DDCE /* proto_reflection_descriptor_database.cc */,
				D6F88FDA2784DC4A00D9DDCE /* proto_reflection_descriptor_database.h */,
			);
			path = vendor;
			sourceTree = "<group>";
		};
		D6F88FEA2786003500D9DDCE /* cli */ = {
			isa = PBXGroup;
			children = (
				D6F88F6A27788ADC00D9DDCE /* auxl_grpc_cli.cpp */,
				D6F88FEC2786D80000D9DDCE /* cli_session_delegate.hpp */,
				D6F88FF62786F33600D9DDCE /* cli_util.cpp */,
				D6F88FF72786F33600D9DDCE /* cli_util.hpp */,
			);
			path = cli;
			sourceTree = "<group>";
		};
/* End PBXGroup section */

/* Begin PBXNativeTarget section */
		D6F88F5727788A4300D9DDCE /* auxl_grpc_cli */ = {
			isa = PBXNativeTarget;
			buildConfigurationList = D6F88F5F27788A4300D9DDCE /* Build configuration list for PBXNativeTarget "auxl_grpc_cli" */;
			buildPhases = (
				D6F88F5427788A4300D9DDCE /* Sources */,
				D6F88F5527788A4300D9DDCE /* Frameworks */,
				D6F88F5627788A4300D9DDCE /* CopyFiles */,
			);
			buildRules = (
			);
			dependencies = (
			);
			name = auxl_grpc_cli;
			productName = auxl_grpc_cli;
			productReference = D6F88F5827788A4300D9DDCE /* auxl_grpc_cli */;
			productType = "com.apple.product-type.tool";
		};
		D6F88F7F277B0FA700D9DDCE /* auxl_grpc_test */ = {
			isa = PBXNativeTarget;
			buildConfigurationList = D6F88F8C277B0FA700D9DDCE /* Build configuration list for PBXNativeTarget "auxl_grpc_test" */;
			buildPhases = (
				D6F88F80277B0FA700D9DDCE /* Sources */,
				D6F88F8A277B0FA700D9DDCE /* Frameworks */,
				D6F88F8B277B0FA700D9DDCE /* CopyFiles */,
			);
			buildRules = (
			);
			dependencies = (
			);
			name = auxl_grpc_test;
			productName = auxl_grpc_cli;
			productReference = D6F88F8F277B0FA700D9DDCE /* auxl_grpc_test */;
			productType = "com.apple.product-type.tool";
		};
/* End PBXNativeTarget section */

/* Begin PBXProject section */
		D6F88F4E277889BE00D9DDCE /* Project object */ = {
			isa = PBXProject;
			attributes = {
				LastUpgradeCheck = 1250;
				TargetAttributes = {
					D6F88F5727788A4300D9DDCE = {
						CreatedOnToolsVersion = 12.5.1;
					};
				};
			};
			buildConfigurationList = D6F88F51277889BE00D9DDCE /* Build configuration list for PBXProject "auxl-grpc" */;
			compatibilityVersion = "Xcode 9.3";
			developmentRegion = en;
			hasScannedForEncodings = 0;
			knownRegions = (
				en,
				Base,
			);
			mainGroup = D6F88F4D277889BE00D9DDCE;
			productRefGroup = D6F88F5927788A4300D9DDCE /* Products */;
			projectDirPath = "";
			projectRoot = "";
			targets = (
				D6F88F5727788A4300D9DDCE /* auxl_grpc_cli */,
				D6F88F7F277B0FA700D9DDCE /* auxl_grpc_test */,
			);
		};
/* End PBXProject section */

/* Begin PBXSourcesBuildPhase section */
		D6F88F5427788A4300D9DDCE /* Sources */ = {
			isa = PBXSourcesBuildPhase;
			buildActionMask = 2147483647;
			files = (
				D6F88FAF277EEBE800D9DDCE /* descriptor.cpp in Sources */,
				D6F88FA8277B59F400D9DDCE /* session.cpp in Sources */,
				D6F88FCF27832AB300D9DDCE /* util.cpp in Sources */,
				D6F88F7027788ADC00D9DDCE /* tool.cpp in Sources */,
				D6F88FDB2784DC4A00D9DDCE /* proto_reflection_descriptor_database.cc in Sources */,
				D6F88FBA2781AD6A00D9DDCE /* cli_call.cc in Sources */,
				D6F88F7227788ADC00D9DDCE /* connection.cpp in Sources */,
				D6F88FF82786F33600D9DDCE /* cli_util.cpp in Sources */,
				D6F88F7127788ADC00D9DDCE /* auxl_grpc_cli.cpp in Sources */,
				D6F88F7327788ADC00D9DDCE /* parser.cpp in Sources */,
				D6F88FD527844B8400D9DDCE /* options.c in Sources */,
				D6F88FC22781BB5D00D9DDCE /* error_collector.c in Sources */,
			);
			runOnlyForDeploymentPostprocessing = 0;
		};
		D6F88F80277B0FA700D9DDCE /* Sources */ = {
			isa = PBXSourcesBuildPhase;
			buildActionMask = 2147483647;
			files = (
				D6F88FA5277B136700D9DDCE /* gtest-all.cc in Sources */,
				D6F88FD627844B8400D9DDCE /* options.c in Sources */,
				D6F88FB0277F13C900D9DDCE /* descriptor.cpp in Sources */,
				D65C550E27936FA400A7AAC0 /* auxl_extern_test.cpp in Sources */,
				D6F88F91277B104700D9DDCE /* gtest_main.cc in Sources */,
				D6F88FBB2781AD6A00D9DDCE /* cli_call.cc in Sources */,
				D6F88F83277B0FA700D9DDCE /* tool.cpp in Sources */,
				D6F88F84277B0FA700D9DDCE /* connection.cpp in Sources */,
				D6F88FAC277BA5EA00D9DDCE /* session.cpp in Sources */,
				D6F88FD027832AB400D9DDCE /* util.cpp in Sources */,
				D6F88FDC2784DC4A00D9DDCE /* proto_reflection_descriptor_database.cc in Sources */,
				D6F88FCA2783062C00D9DDCE /* auxl_client_test.cpp in Sources */,
				D6F88F87277B0FA700D9DDCE /* auxl_main_test.cpp in Sources */,
				D6F88FF92786F33600D9DDCE /* cli_util.cpp in Sources */,
				D6F88F88277B0FA700D9DDCE /* parser.cpp in Sources */,
				D6F88FC32781BB5D00D9DDCE /* error_collector.c in Sources */,
			);
			runOnlyForDeploymentPostprocessing = 0;
		};
/* End PBXSourcesBuildPhase section */

/* Begin XCBuildConfiguration section */
		D6F88F52277889BE00D9DDCE /* Debug */ = {
			isa = XCBuildConfiguration;
			buildSettings = {
			};
			name = Debug;
		};
		D6F88F53277889BE00D9DDCE /* Release */ = {
			isa = XCBuildConfiguration;
			buildSettings = {
			};
			name = Release;
		};
		D6F88F5D27788A4300D9DDCE /* Debug */ = {
			isa = XCBuildConfiguration;
			buildSettings = {
				ALWAYS_SEARCH_USER_PATHS = NO;
				CLANG_ANALYZER_NONNULL = YES;
				CLANG_ANALYZER_NUMBER_OBJECT_CONVERSION = YES_AGGRESSIVE;
				CLANG_CXX_LANGUAGE_STANDARD = "c++0x";
				CLANG_CXX_LIBRARY = "libc++";
				CLANG_ENABLE_MODULES = YES;
				CLANG_ENABLE_OBJC_ARC = YES;
				CLANG_ENABLE_OBJC_WEAK = YES;
				CLANG_WARN_BLOCK_CAPTURE_AUTORELEASING = YES;
				CLANG_WARN_BOOL_CONVERSION = YES;
				CLANG_WARN_COMMA = YES;
				CLANG_WARN_CONSTANT_CONVERSION = YES;
				CLANG_WARN_DEPRECATED_OBJC_IMPLEMENTATIONS = YES;
				CLANG_WARN_DIRECT_OBJC_ISA_USAGE = YES_ERROR;
				CLANG_WARN_DOCUMENTATION_COMMENTS = YES;
				CLANG_WARN_EMPTY_BODY = YES;
				CLANG_WARN_ENUM_CONVERSION = YES;
				CLANG_WARN_INFINITE_RECURSION = YES;
				CLANG_WARN_INT_CONVERSION = YES;
				CLANG_WARN_NON_LITERAL_NULL_CONVERSION = YES;
				CLANG_WARN_OBJC_IMPLICIT_RETAIN_SELF = YES;
				CLANG_WARN_OBJC_LITERAL_CONVERSION = YES;
				CLANG_WARN_OBJC_ROOT_CLASS = YES_ERROR;
				CLANG_WARN_QUOTED_INCLUDE_IN_FRAMEWORK_HEADER = YES;
				CLANG_WARN_RANGE_LOOP_ANALYSIS = YES;
				CLANG_WARN_STRICT_PROTOTYPES = YES;
				CLANG_WARN_SUSPICIOUS_MOVE = YES;
				CLANG_WARN_UNGUARDED_AVAILABILITY = YES_AGGRESSIVE;
				CLANG_WARN_UNREACHABLE_CODE = YES;
				CLANG_WARN__DUPLICATE_METHOD_MATCH = YES;
				CODE_SIGN_ENTITLEMENTS = auxl_grpc_cli.entitlements;
				CODE_SIGN_STYLE = Automatic;
				COPY_PHASE_STRIP = NO;
				DEBUG_INFORMATION_FORMAT = dwarf;
				DEVELOPMENT_TEAM = HUHE7NCX8Y;
				ENABLE_HARDENED_RUNTIME = YES;
				ENABLE_STRICT_OBJC_MSGSEND = YES;
				ENABLE_TESTABILITY = YES;
				GCC_C_LANGUAGE_STANDARD = gnu11;
				GCC_DYNAMIC_NO_PIC = NO;
				GCC_NO_COMMON_BLOCKS = YES;
				GCC_OPTIMIZATION_LEVEL = 0;
				GCC_PREPROCESSOR_DEFINITIONS = (
					"DEBUG=1",
					"$(inherited)",
				);
				GCC_WARN_64_TO_32_BIT_CONVERSION = YES;
				GCC_WARN_ABOUT_RETURN_TYPE = YES_ERROR;
				GCC_WARN_UNDECLARED_SELECTOR = YES;
				GCC_WARN_UNINITIALIZED_AUTOS = YES_AGGRESSIVE;
				GCC_WARN_UNUSED_FUNCTION = YES;
				GCC_WARN_UNUSED_VARIABLE = YES;
				HEADER_SEARCH_PATHS = (
					"${PROJECT_DIR}/include/",
					/usr/local/include,
					"${PROJECT_DIR}/gen",
				);
				LIBRARY_SEARCH_PATHS = /usr/local/lib;
				MACOSX_DEPLOYMENT_TARGET = 11.3;
				MTL_ENABLE_DEBUG_INFO = INCLUDE_SOURCE;
				MTL_FAST_MATH = YES;
				ONLY_ACTIVE_ARCH = YES;
				OTHER_LDFLAGS = (
					"-lgrpc",
					"-lgrpc++",
					"-lgrpc++_reflection",
					"-lgrpcpp_channelz",
					"-lprotobuf",
					"-lupb",
					"-lgpr",
					"-lz",
					"-lre2",
					"-lcares",
					"-laddress_sorting",
					"-lpthread",
					/usr/local/lib/libssl.a,
					/usr/local/lib/libcrypto.a,
					"-labsl_bad_any_cast_impl",
					"-labsl_bad_optional_access",
					"-labsl_bad_variant_access",
					"-labsl_base",
					"-labsl_city",
					"-labsl_civil_time",
					"-labsl_cord",
					"-labsl_cord_internal",
					"-labsl_cordz_functions",
					"-labsl_cordz_handle",
					"-labsl_cordz_info",
					"-labsl_cordz_sample_token",
					"-labsl_debugging_internal",
					"-labsl_demangle_internal",
					"-labsl_examine_stack",
					"-labsl_exponential_biased",
					"-labsl_failure_signal_handler",
					"-labsl_flags",
					"-labsl_flags_commandlineflag",
					"-labsl_flags_commandlineflag_internal",
					"-labsl_flags_config",
					"-labsl_flags_internal",
					"-labsl_flags_marshalling",
					"-labsl_flags_parse",
					"-labsl_flags_private_handle_accessor",
					"-labsl_flags_program_name",
					"-labsl_flags_reflection",
					"-labsl_flags_usage",
					"-labsl_flags_usage_internal",
					"-labsl_graphcycles_internal",
					"-labsl_hash",
					"-labsl_hashtablez_sampler",
					"-labsl_int128",
					"-labsl_leak_check",
					"-labsl_leak_check_disable",
					"-labsl_log_severity",
					"-labsl_low_level_hash",
					"-labsl_malloc_internal",
					"-labsl_periodic_sampler",
					"-labsl_random_distributions",
					"-labsl_random_internal_distribution_test_util",
					"-labsl_random_internal_platform",
					"-labsl_random_internal_pool_urbg",
					"-labsl_random_internal_randen",
					"-labsl_random_internal_randen_hwaes",
					"-labsl_random_internal_randen_hwaes_impl",
					"-labsl_random_internal_randen_slow",
					"-labsl_random_internal_seed_material",
					"-labsl_random_seed_gen_exception",
					"-labsl_random_seed_sequences",
					"-labsl_raw_hash_set",
					"-labsl_raw_logging_internal",
					"-labsl_scoped_set_env",
					"-labsl_spinlock_wait",
					"-labsl_stacktrace",
					"-labsl_status",
					"-labsl_statusor",
					"-labsl_str_format_internal",
					"-labsl_strerror",
					"-labsl_strings",
					"-labsl_strings_internal",
					"-labsl_symbolize",
					"-labsl_synchronization",
					"-labsl_throw_delegate",
					"-labsl_time",
					"-labsl_time_zone",
					"-L/usr/local/lib",
					"-framework",
					CoreFoundation,
				);
				PRODUCT_NAME = "$(TARGET_NAME)";
				SDKROOT = macosx;
			};
			name = Debug;
		};
		D6F88F5E27788A4300D9DDCE /* Release */ = {
			isa = XCBuildConfiguration;
			buildSettings = {
				ALWAYS_SEARCH_USER_PATHS = NO;
				CLANG_ANALYZER_NONNULL = YES;
				CLANG_ANALYZER_NUMBER_OBJECT_CONVERSION = YES_AGGRESSIVE;
				CLANG_CXX_LANGUAGE_STANDARD = "c++0x";
				CLANG_CXX_LIBRARY = "libc++";
				CLANG_ENABLE_MODULES = YES;
				CLANG_ENABLE_OBJC_ARC = YES;
				CLANG_ENABLE_OBJC_WEAK = YES;
				CLANG_WARN_BLOCK_CAPTURE_AUTORELEASING = YES;
				CLANG_WARN_BOOL_CONVERSION = YES;
				CLANG_WARN_COMMA = YES;
				CLANG_WARN_CONSTANT_CONVERSION = YES;
				CLANG_WARN_DEPRECATED_OBJC_IMPLEMENTATIONS = YES;
				CLANG_WARN_DIRECT_OBJC_ISA_USAGE = YES_ERROR;
				CLANG_WARN_DOCUMENTATION_COMMENTS = YES;
				CLANG_WARN_EMPTY_BODY = YES;
				CLANG_WARN_ENUM_CONVERSION = YES;
				CLANG_WARN_INFINITE_RECURSION = YES;
				CLANG_WARN_INT_CONVERSION = YES;
				CLANG_WARN_NON_LITERAL_NULL_CONVERSION = YES;
				CLANG_WARN_OBJC_IMPLICIT_RETAIN_SELF = YES;
				CLANG_WARN_OBJC_LITERAL_CONVERSION = YES;
				CLANG_WARN_OBJC_ROOT_CLASS = YES_ERROR;
				CLANG_WARN_QUOTED_INCLUDE_IN_FRAMEWORK_HEADER = YES;
				CLANG_WARN_RANGE_LOOP_ANALYSIS = YES;
				CLANG_WARN_STRICT_PROTOTYPES = YES;
				CLANG_WARN_SUSPICIOUS_MOVE = YES;
				CLANG_WARN_UNGUARDED_AVAILABILITY = YES_AGGRESSIVE;
				CLANG_WARN_UNREACHABLE_CODE = YES;
				CLANG_WARN__DUPLICATE_METHOD_MATCH = YES;
				CODE_SIGN_ENTITLEMENTS = auxl_grpc_cli.entitlements;
				CODE_SIGN_STYLE = Automatic;
				COPY_PHASE_STRIP = NO;
				DEBUG_INFORMATION_FORMAT = "dwarf-with-dsym";
				DEVELOPMENT_TEAM = HUHE7NCX8Y;
				ENABLE_HARDENED_RUNTIME = YES;
				ENABLE_NS_ASSERTIONS = NO;
				ENABLE_STRICT_OBJC_MSGSEND = YES;
				GCC_C_LANGUAGE_STANDARD = gnu11;
				GCC_NO_COMMON_BLOCKS = YES;
				GCC_WARN_64_TO_32_BIT_CONVERSION = YES;
				GCC_WARN_ABOUT_RETURN_TYPE = YES_ERROR;
				GCC_WARN_UNDECLARED_SELECTOR = YES;
				GCC_WARN_UNINITIALIZED_AUTOS = YES_AGGRESSIVE;
				GCC_WARN_UNUSED_FUNCTION = YES;
				GCC_WARN_UNUSED_VARIABLE = YES;
				HEADER_SEARCH_PATHS = (
					"${PROJECT_DIR}/include/",
					/usr/local/include,
					"${PROJECT_DIR}/gen",
				);
				LIBRARY_SEARCH_PATHS = /usr/local/lib;
				MACOSX_DEPLOYMENT_TARGET = 11.3;
				MTL_ENABLE_DEBUG_INFO = NO;
				MTL_FAST_MATH = YES;
				OTHER_LDFLAGS = (
					"-lgrpc",
					"-lgrpc++",
					"-lgrpc++_reflection",
					"-lgrpcpp_channelz",
					"-lprotobuf",
					"-lupb",
					"-lgpr",
					"-lz",
					"-lre2",
					"-lcares",
					"-laddress_sorting",
					"-lpthread",
					/usr/local/lib/libssl.a,
					/usr/local/lib/libcrypto.a,
					"-labsl_bad_any_cast_impl",
					"-labsl_bad_optional_access",
					"-labsl_bad_variant_access",
					"-labsl_base",
					"-labsl_city",
					"-labsl_civil_time",
					"-labsl_cord",
					"-labsl_cord_internal",
					"-labsl_cordz_functions",
					"-labsl_cordz_handle",
					"-labsl_cordz_info",
					"-labsl_cordz_sample_token",
					"-labsl_debugging_internal",
					"-labsl_demangle_internal",
					"-labsl_examine_stack",
					"-labsl_exponential_biased",
					"-labsl_failure_signal_handler",
					"-labsl_flags",
					"-labsl_flags_commandlineflag",
					"-labsl_flags_commandlineflag_internal",
					"-labsl_flags_config",
					"-labsl_flags_internal",
					"-labsl_flags_marshalling",
					"-labsl_flags_parse",
					"-labsl_flags_private_handle_accessor",
					"-labsl_flags_program_name",
					"-labsl_flags_reflection",
					"-labsl_flags_usage",
					"-labsl_flags_usage_internal",
					"-labsl_graphcycles_internal",
					"-labsl_hash",
					"-labsl_hashtablez_sampler",
					"-labsl_int128",
					"-labsl_leak_check",
					"-labsl_leak_check_disable",
					"-labsl_log_severity",
					"-labsl_low_level_hash",
					"-labsl_malloc_internal",
					"-labsl_periodic_sampler",
					"-labsl_random_distributions",
					"-labsl_random_internal_distribution_test_util",
					"-labsl_random_internal_platform",
					"-labsl_random_internal_pool_urbg",
					"-labsl_random_internal_randen",
					"-labsl_random_internal_randen_hwaes",
					"-labsl_random_internal_randen_hwaes_impl",
					"-labsl_random_internal_randen_slow",
					"-labsl_random_internal_seed_material",
					"-labsl_random_seed_gen_exception",
					"-labsl_random_seed_sequences",
					"-labsl_raw_hash_set",
					"-labsl_raw_logging_internal",
					"-labsl_scoped_set_env",
					"-labsl_spinlock_wait",
					"-labsl_stacktrace",
					"-labsl_status",
					"-labsl_statusor",
					"-labsl_str_format_internal",
					"-labsl_strerror",
					"-labsl_strings",
					"-labsl_strings_internal",
					"-labsl_symbolize",
					"-labsl_synchronization",
					"-labsl_throw_delegate",
					"-labsl_time",
					"-labsl_time_zone",
					"-L/usr/local/lib",
					"-framework",
					CoreFoundation,
				);
				PRODUCT_NAME = "$(TARGET_NAME)";
				SDKROOT = macosx;
			};
			name = Release;
		};
		D6F88F8D277B0FA700D9DDCE /* Debug */ = {
			isa = XCBuildConfiguration;
			buildSettings = {
				ALWAYS_SEARCH_USER_PATHS = NO;
				CLANG_ANALYZER_NONNULL = YES;
				CLANG_ANALYZER_NUMBER_OBJECT_CONVERSION = YES_AGGRESSIVE;
				CLANG_CXX_LANGUAGE_STANDARD = "c++0x";
				CLANG_CXX_LIBRARY = "libc++";
				CLANG_ENABLE_MODULES = YES;
				CLANG_ENABLE_OBJC_ARC = YES;
				CLANG_ENABLE_OBJC_WEAK = YES;
				CLANG_WARN_BLOCK_CAPTURE_AUTORELEASING = YES;
				CLANG_WARN_BOOL_CONVERSION = YES;
				CLANG_WARN_COMMA = YES;
				CLANG_WARN_CONSTANT_CONVERSION = YES;
				CLANG_WARN_DEPRECATED_OBJC_IMPLEMENTATIONS = YES;
				CLANG_WARN_DIRECT_OBJC_ISA_USAGE = YES_ERROR;
				CLANG_WARN_DOCUMENTATION_COMMENTS = YES;
				CLANG_WARN_EMPTY_BODY = YES;
				CLANG_WARN_ENUM_CONVERSION = YES;
				CLANG_WARN_INFINITE_RECURSION = YES;
				CLANG_WARN_INT_CONVERSION = YES;
				CLANG_WARN_NON_LITERAL_NULL_CONVERSION = YES;
				CLANG_WARN_OBJC_IMPLICIT_RETAIN_SELF = YES;
				CLANG_WARN_OBJC_LITERAL_CONVERSION = YES;
				CLANG_WARN_OBJC_ROOT_CLASS = YES_ERROR;
				CLANG_WARN_QUOTED_INCLUDE_IN_FRAMEWORK_HEADER = YES;
				CLANG_WARN_RANGE_LOOP_ANALYSIS = YES;
				CLANG_WARN_STRICT_PROTOTYPES = YES;
				CLANG_WARN_SUSPICIOUS_MOVE = YES;
				CLANG_WARN_UNGUARDED_AVAILABILITY = YES_AGGRESSIVE;
				CLANG_WARN_UNREACHABLE_CODE = YES;
				CLANG_WARN__DUPLICATE_METHOD_MATCH = YES;
				CODE_SIGN_ENTITLEMENTS = auxl_grpc_cli.entitlements;
				CODE_SIGN_STYLE = Automatic;
				COPY_PHASE_STRIP = NO;
				DEBUG_INFORMATION_FORMAT = dwarf;
				DEVELOPMENT_TEAM = HUHE7NCX8Y;
				ENABLE_HARDENED_RUNTIME = YES;
				ENABLE_STRICT_OBJC_MSGSEND = YES;
				ENABLE_TESTABILITY = YES;
				GCC_C_LANGUAGE_STANDARD = gnu11;
				GCC_DYNAMIC_NO_PIC = NO;
				GCC_NO_COMMON_BLOCKS = YES;
				GCC_OPTIMIZATION_LEVEL = 0;
				GCC_PREPROCESSOR_DEFINITIONS = (
					"DEBUG=1",
					"$(inherited)",
				);
				GCC_WARN_64_TO_32_BIT_CONVERSION = YES;
				GCC_WARN_ABOUT_RETURN_TYPE = YES_ERROR;
				GCC_WARN_UNDECLARED_SELECTOR = YES;
				GCC_WARN_UNINITIALIZED_AUTOS = YES_AGGRESSIVE;
				GCC_WARN_UNUSED_FUNCTION = YES;
				GCC_WARN_UNUSED_VARIABLE = YES;
				HEADER_SEARCH_PATHS = (
					"${PROJECT_DIR}/modules/grpc/cmake/build/gens/",
					"${PROJECT_DIR}/modules/grpc/include",
					"${PROJECT_DIR}/include/",
					/usr/local/include,
					"${PROJECT_DIR}/modules/grpc/",
					"${PROJECT_DIR}/gen",
				);
				LIBRARY_SEARCH_PATHS = /usr/local/lib;
				MACOSX_DEPLOYMENT_TARGET = 11.3;
				MTL_ENABLE_DEBUG_INFO = INCLUDE_SOURCE;
				MTL_FAST_MATH = YES;
				ONLY_ACTIVE_ARCH = YES;
				OTHER_LDFLAGS = (
					"-lgrpc",
					"-lgrpc++",
					"-lgrpc++_reflection",
					"-lgrpcpp_channelz",
					"-lprotobuf",
					"-lupb",
					"-lgpr",
					"-lz",
					"-lre2",
					"-lcares",
					"-laddress_sorting",
					"-lpthread",
					/usr/local/lib/libssl.a,
					/usr/local/lib/libcrypto.a,
					"-labsl_bad_any_cast_impl",
					"-labsl_bad_optional_access",
					"-labsl_bad_variant_access",
					"-labsl_base",
					"-labsl_city",
					"-labsl_civil_time",
					"-labsl_cord",
					"-labsl_cord_internal",
					"-labsl_cordz_functions",
					"-labsl_cordz_handle",
					"-labsl_cordz_info",
					"-labsl_cordz_sample_token",
					"-labsl_debugging_internal",
					"-labsl_demangle_internal",
					"-labsl_examine_stack",
					"-labsl_exponential_biased",
					"-labsl_failure_signal_handler",
					"-labsl_flags",
					"-labsl_flags_commandlineflag",
					"-labsl_flags_commandlineflag_internal",
					"-labsl_flags_config",
					"-labsl_flags_internal",
					"-labsl_flags_marshalling",
					"-labsl_flags_parse",
					"-labsl_flags_private_handle_accessor",
					"-labsl_flags_program_name",
					"-labsl_flags_reflection",
					"-labsl_flags_usage",
					"-labsl_flags_usage_internal",
					"-labsl_graphcycles_internal",
					"-labsl_hash",
					"-labsl_hashtablez_sampler",
					"-labsl_int128",
					"-labsl_leak_check",
					"-labsl_leak_check_disable",
					"-labsl_log_severity",
					"-labsl_low_level_hash",
					"-labsl_malloc_internal",
					"-labsl_periodic_sampler",
					"-labsl_random_distributions",
					"-labsl_random_internal_distribution_test_util",
					"-labsl_random_internal_platform",
					"-labsl_random_internal_pool_urbg",
					"-labsl_random_internal_randen",
					"-labsl_random_internal_randen_hwaes",
					"-labsl_random_internal_randen_hwaes_impl",
					"-labsl_random_internal_randen_slow",
					"-labsl_random_internal_seed_material",
					"-labsl_random_seed_gen_exception",
					"-labsl_random_seed_sequences",
					"-labsl_raw_hash_set",
					"-labsl_raw_logging_internal",
					"-labsl_scoped_set_env",
					"-labsl_spinlock_wait",
					"-labsl_stacktrace",
					"-labsl_status",
					"-labsl_statusor",
					"-labsl_str_format_internal",
					"-labsl_strerror",
					"-labsl_strings",
					"-labsl_strings_internal",
					"-labsl_symbolize",
					"-labsl_synchronization",
					"-labsl_throw_delegate",
					"-labsl_time",
					"-labsl_time_zone",
					"-L/usr/local/lib",
					"-framework",
					CoreFoundation,
					"-lgtest",
					"-lc++",
				);
				PRODUCT_NAME = "$(TARGET_NAME)";
				SDKROOT = macosx;
			};
			name = Debug;
		};
		D6F88F8E277B0FA700D9DDCE /* Release */ = {
			isa = XCBuildConfiguration;
			buildSettings = {
				ALWAYS_SEARCH_USER_PATHS = NO;
				CLANG_ANALYZER_NONNULL = YES;
				CLANG_ANALYZER_NUMBER_OBJECT_CONVERSION = YES_AGGRESSIVE;
				CLANG_CXX_LANGUAGE_STANDARD = "c++0x";
				CLANG_CXX_LIBRARY = "libc++";
				CLANG_ENABLE_MODULES = YES;
				CLANG_ENABLE_OBJC_ARC = YES;
				CLANG_ENABLE_OBJC_WEAK = YES;
				CLANG_WARN_BLOCK_CAPTURE_AUTORELEASING = YES;
				CLANG_WARN_BOOL_CONVERSION = YES;
				CLANG_WARN_COMMA = YES;
				CLANG_WARN_CONSTANT_CONVERSION = YES;
				CLANG_WARN_DEPRECATED_OBJC_IMPLEMENTATIONS = YES;
				CLANG_WARN_DIRECT_OBJC_ISA_USAGE = YES_ERROR;
				CLANG_WARN_DOCUMENTATION_COMMENTS = YES;
				CLANG_WARN_EMPTY_BODY = YES;
				CLANG_WARN_ENUM_CONVERSION = YES;
				CLANG_WARN_INFINITE_RECURSION = YES;
				CLANG_WARN_INT_CONVERSION = YES;
				CLANG_WARN_NON_LITERAL_NULL_CONVERSION = YES;
				CLANG_WARN_OBJC_IMPLICIT_RETAIN_SELF = YES;
				CLANG_WARN_OBJC_LITERAL_CONVERSION = YES;
				CLANG_WARN_OBJC_ROOT_CLASS = YES_ERROR;
				CLANG_WARN_QUOTED_INCLUDE_IN_FRAMEWORK_HEADER = YES;
				CLANG_WARN_RANGE_LOOP_ANALYSIS = YES;
				CLANG_WARN_STRICT_PROTOTYPES = YES;
				CLANG_WARN_SUSPICIOUS_MOVE = YES;
				CLANG_WARN_UNGUARDED_AVAILABILITY = YES_AGGRESSIVE;
				CLANG_WARN_UNREACHABLE_CODE = YES;
				CLANG_WARN__DUPLICATE_METHOD_MATCH = YES;
				CODE_SIGN_ENTITLEMENTS = auxl_grpc_cli.entitlements;
				CODE_SIGN_STYLE = Automatic;
				COPY_PHASE_STRIP = NO;
				DEBUG_INFORMATION_FORMAT = "dwarf-with-dsym";
				DEVELOPMENT_TEAM = HUHE7NCX8Y;
				ENABLE_HARDENED_RUNTIME = YES;
				ENABLE_NS_ASSERTIONS = NO;
				ENABLE_STRICT_OBJC_MSGSEND = YES;
				GCC_C_LANGUAGE_STANDARD = gnu11;
				GCC_NO_COMMON_BLOCKS = YES;
				GCC_WARN_64_TO_32_BIT_CONVERSION = YES;
				GCC_WARN_ABOUT_RETURN_TYPE = YES_ERROR;
				GCC_WARN_UNDECLARED_SELECTOR = YES;
				GCC_WARN_UNINITIALIZED_AUTOS = YES_AGGRESSIVE;
				GCC_WARN_UNUSED_FUNCTION = YES;
				GCC_WARN_UNUSED_VARIABLE = YES;
				HEADER_SEARCH_PATHS = (
					"${PROJECT_DIR}/modules/grpc/cmake/build/gens/",
					"${PROJECT_DIR}/modules/grpc/include",
					"${PROJECT_DIR}/include/",
					/usr/local/include,
					"${PROJECT_DIR}/modules/grpc/",
					"${PROJECT_DIR}/gen",
				);
				LIBRARY_SEARCH_PATHS = /usr/local/lib;
				MACOSX_DEPLOYMENT_TARGET = 11.3;
				MTL_ENABLE_DEBUG_INFO = NO;
				MTL_FAST_MATH = YES;
				OTHER_LDFLAGS = (
					"-lgrpc",
					"-lgrpc++",
					"-lgrpc++_reflection",
					"-lgrpcpp_channelz",
					"-lprotobuf",
					"-lupb",
					"-lgpr",
					"-lz",
					"-lre2",
					"-lcares",
					"-laddress_sorting",
					"-lpthread",
					/usr/local/lib/libssl.a,
					/usr/local/lib/libcrypto.a,
					"-labsl_bad_any_cast_impl",
					"-labsl_bad_optional_access",
					"-labsl_bad_variant_access",
					"-labsl_base",
					"-labsl_city",
					"-labsl_civil_time",
					"-labsl_cord",
					"-labsl_cord_internal",
					"-labsl_cordz_functions",
					"-labsl_cordz_handle",
					"-labsl_cordz_info",
					"-labsl_cordz_sample_token",
					"-labsl_debugging_internal",
					"-labsl_demangle_internal",
					"-labsl_examine_stack",
					"-labsl_exponential_biased",
					"-labsl_failure_signal_handler",
					"-labsl_flags",
					"-labsl_flags_commandlineflag",
					"-labsl_flags_commandlineflag_internal",
					"-labsl_flags_config",
					"-labsl_flags_internal",
					"-labsl_flags_marshalling",
					"-labsl_flags_parse",
					"-labsl_flags_private_handle_accessor",
					"-labsl_flags_program_name",
					"-labsl_flags_reflection",
					"-labsl_flags_usage",
					"-labsl_flags_usage_internal",
					"-labsl_graphcycles_internal",
					"-labsl_hash",
					"-labsl_hashtablez_sampler",
					"-labsl_int128",
					"-labsl_leak_check",
					"-labsl_leak_check_disable",
					"-labsl_log_severity",
					"-labsl_low_level_hash",
					"-labsl_malloc_internal",
					"-labsl_periodic_sampler",
					"-labsl_random_distributions",
					"-labsl_random_internal_distribution_test_util",
					"-labsl_random_internal_platform",
					"-labsl_random_internal_pool_urbg",
					"-labsl_random_internal_randen",
					"-labsl_random_internal_randen_hwaes",
					"-labsl_random_internal_randen_hwaes_impl",
					"-labsl_random_internal_randen_slow",
					"-labsl_random_internal_seed_material",
					"-labsl_random_seed_gen_exception",
					"-labsl_random_seed_sequences",
					"-labsl_raw_hash_set",
					"-labsl_raw_logging_internal",
					"-labsl_scoped_set_env",
					"-labsl_spinlock_wait",
					"-labsl_stacktrace",
					"-labsl_status",
					"-labsl_statusor",
					"-labsl_str_format_internal",
					"-labsl_strerror",
					"-labsl_strings",
					"-labsl_strings_internal",
					"-labsl_symbolize",
					"-labsl_synchronization",
					"-labsl_throw_delegate",
					"-labsl_time",
					"-labsl_time_zone",
					"-L/usr/local/lib",
					"-framework",
					CoreFoundation,
					"-lgtest",
					"-lc++",
				);
				PRODUCT_NAME = "$(TARGET_NAME)";
				SDKROOT = macosx;
			};
			name = Release;
		};
/* End XCBuildConfiguration section */

/* Begin XCConfigurationList section */
		D6F88F51277889BE00D9DDCE /* Build configuration list for PBXProject "auxl-grpc" */ = {
			isa = XCConfigurationList;
			buildConfigurations = (
				D6F88F52277889BE00D9DDCE /* Debug */,
				D6F88F53277889BE00D9DDCE /* Release */,
			);
			defaultConfigurationIsVisible = 0;
			defaultConfigurationName = Release;
		};
		D6F88F5F27788A4300D9DDCE /* Build configuration list for PBXNativeTarget "auxl_grpc_cli" */ = {
			isa = XCConfigurationList;
			buildConfigurations = (
				D6F88F5D27788A4300D9DDCE /* Debug */,
				D6F88F5E27788A4300D9DDCE /* Release */,
			);
			defaultConfigurationIsVisible = 0;
			defaultConfigurationName = Release;
		};
		D6F88F8C277B0FA700D9DDCE /* Build configuration list for PBXNativeTarget "auxl_grpc_test" */ = {
			isa = XCConfigurationList;
			buildConfigurations = (
				D6F88F8D277B0FA700D9DDCE /* Debug */,
				D6F88F8E277B0FA700D9DDCE /* Release */,
			);
			defaultConfigurationIsVisible = 0;
			defaultConfigurationName = Release;
		};
/* End XCConfigurationList section */
	};
	rootObject = D6F88F4E277889BE00D9DDCE /* Project object */;
}
